PODS:
  - TaboolaSDK (2.5.0)

DEPENDENCIES:
  - TaboolaSDK (from `/Users/liad.e/ios-sdk`)

EXTERNAL SOURCES:
  TaboolaSDK:
    :path: "/Users/liad.e/ios-sdk"

SPEC CHECKSUMS:
  TaboolaSDK: 1323a439751412376ee4bdd132748d0c8019a606

PODFILE CHECKSUM: c9c07ac730e7820736fcee6589eb31996a37c8aa

COCOAPODS: 1.9.0
